
Microsoft Visual Studio Solution File, Format Version 12.00
# Visual Studio Version 16
VisualStudioVersion = 16.0.31205.134
MinimumVisualStudioVersion = 10.0.40219.1
Project("{FAE04EC0-301F-11D3-BF4B-00C04F79EFBC}") = "exerc01", "exerc01\exerc01.csproj", "{DEE9915D-DC76-46F5-8F3F-5AC7ED7EA6BE}"
EndProject
Global
	GlobalSection(SolutionConfigurationPlatforms) = preSolution
		Debug|Any CPU = Debug|Any CPU
		Release|Any CPU = Release|Any CPU
	EndGlobalSection
	GlobalSection(ProjectConfigurationPlatforms) = postSolution
		{DEE9915D-DC76-46F5-8F3F-5AC7ED7EA6BE}.Debug|Any CPU.ActiveCfg = Debug|Any CPU
		{DEE9915D-DC76-46F5-8F3F-5AC7ED7EA6BE}.Debug|Any CPU.Build.0 = Debug|Any CPU
		{DEE9915D-DC76-46F5-8F3F-5AC7ED7EA6BE}.Release|Any CPU.ActiveCfg = Release|Any CPU
		{DEE9915D-DC76-46F5-8F3F-5AC7ED7EA6BE}.Release|Any CPU.Build.0 = Release|Any CPU
	EndGlobalSection
	GlobalSection(SolutionProperties) = preSolution
		HideSolutionNode = FALSE
	EndGlobalSection
	GlobalSection(ExtensibilityGlobals) = postSolution
		SolutionGuid = {151C05CC-6758-4063-8EF2-C9D363A34917}
	EndGlobalSection
EndGlobal
